// !$*UTF8*$!
{
	archiveVersion = 1;
	classes = {
	};
	objectVersion = 56;
	objects = {

/* Begin PBXBuildFile section */
		06FA4D732DD10EFF00819362 /* TaskFlowApp.swift in Sources */ = {isa = PBXBuildFile; fileRef = 06FA4D722DD10EFF00819362 /* TaskFlowApp.swift */; };
		06FA4D772DD10F2000819362 /* Assets.xcassets in Resources */ = {isa = PBXBuildFile; fileRef = 06FA4D762DD10F1F00819362 /* Assets.xcassets */; };
		06FA4D7A2DD10F2000819362 /* Preview Assets.xcassets in Resources */ = {isa = PBXBuildFile; fileRef = 06FA4D792DD10F2000819362 /* Preview Assets.xcassets */; };
		06FA4D7C2DD10F2000819362 /* Persistence.swift in Sources */ = {isa = PBXBuildFile; fileRef = 06FA4D7B2DD10F2000819362 /* Persistence.swift */; };
		06FA4D7F2DD10F2000819362 /* TaskFlow.xcdatamodeld in Sources */ = {isa = PBXBuildFile; fileRef = 06FA4D7D2DD10F2000819362 /* TaskFlow.xcdatamodeld */; };
		06FA4D892DD10F2000819362 /* TaskFlowTests.swift in Sources */ = {isa = PBXBuildFile; fileRef = 06FA4D882DD10F2000819362 /* TaskFlowTests.swift */; };
		06FA4D932DD10F2000819362 /* TaskFlowUITests.swift in Sources */ = {isa = PBXBuildFile; fileRef = 06FA4D922DD10F2000819362 /* TaskFlowUITests.swift */; };
		06FA4D952DD10F2000819362 /* TaskFlowUITestsLaunchTests.swift in Sources */ = {isa = PBXBuildFile; fileRef = 06FA4D942DD10F2000819362 /* TaskFlowUITestsLaunchTests.swift */; };
		06FA4DB52DD113FA00819362 /* CalendarTaskView.swift in Sources */ = {isa = PBXBuildFile; fileRef = 06FA4DA12DD113F900819362 /* CalendarTaskView.swift */; };
		06FA4DB62DD113FA00819362 /* SettingsView.swift in Sources */ = {isa = PBXBuildFile; fileRef = 06FA4DA22DD113F900819362 /* SettingsView.swift */; };
		06FA4DB72DD113FA00819362 /* AddCategoryView.swift in Sources */ = {isa = PBXBuildFile; fileRef = 06FA4DA32DD113F900819362 /* AddCategoryView.swift */; };
		06FA4DB82DD113FA00819362 /* ShareSheet.swift in Sources */ = {isa = PBXBuildFile; fileRef = 06FA4DA42DD113F900819362 /* ShareSheet.swift */; };
		06FA4DB92DD113FA00819362 /* Models.swift in Sources */ = {isa = PBXBuildFile; fileRef = 06FA4DA52DD113F900819362 /* Models.swift */; };
		06FA4DBA2DD113FA00819362 /* StatisticsView.swift in Sources */ = {isa = PBXBuildFile; fileRef = 06FA4DA62DD113F900819362 /* StatisticsView.swift */; };
		06FA4DBB2DD113FA00819362 /* CreditsView.swift in Sources */ = {isa = PBXBuildFile; fileRef = 06FA4DA72DD113F900819362 /* CreditsView.swift */; };
		06FA4DBC2DD113FA00819362 /* ThemeManager.swift in Sources */ = {isa = PBXBuildFile; fileRef = 06FA4DA82DD113F900819362 /* ThemeManager.swift */; };
		06FA4DBD2DD113FA00819362 /* CategoryCard.swift in Sources */ = {isa = PBXBuildFile; fileRef = 06FA4DA92DD113F900819362 /* CategoryCard.swift */; };
		06FA4DBE2DD113FA00819362 /* RollingQuoteView.swift in Sources */ = {isa = PBXBuildFile; fileRef = 06FA4DAA2DD113F900819362 /* RollingQuoteView.swift */; };
		06FA4DC02DD113FA00819362 /* ImportExportManager.swift in Sources */ = {isa = PBXBuildFile; fileRef = 06FA4DAC2DD113F900819362 /* ImportExportManager.swift */; };
		06FA4DC12DD113FA00819362 /* SearchViews.swift in Sources */ = {isa = PBXBuildFile; fileRef = 06FA4DAD2DD113F900819362 /* SearchViews.swift */; };
		06FA4DC22DD113FA00819362 /* SharedView.swift in Sources */ = {isa = PBXBuildFile; fileRef = 06FA4DAE2DD113F900819362 /* SharedView.swift */; };
		06FA4DC32DD113FA00819362 /* VoiceCommandManager.swift in Sources */ = {isa = PBXBuildFile; fileRef = 06FA4DAF2DD113F900819362 /* VoiceCommandManager.swift */; };
		06FA4DC42DD113FA00819362 /* TutorialOverlay.swift in Sources */ = {isa = PBXBuildFile; fileRef = 06FA4DB02DD113FA00819362 /* TutorialOverlay.swift */; };
		06FA4DC52DD113FA00819362 /* ContentView.swift in Sources */ = {isa = PBXBuildFile; fileRef = 06FA4DB12DD113FA00819362 /* ContentView.swift */; };
		06FA4DC62DD113FA00819362 /* EditTaskView.swift in Sources */ = {isa = PBXBuildFile; fileRef = 06FA4DB22DD113FA00819362 /* EditTaskView.swift */; };
		06FA4DC72DD113FA00819362 /* AddTaskView.swift in Sources */ = {isa = PBXBuildFile; fileRef = 06FA4DB32DD113FA00819362 /* AddTaskView.swift */; };
		06FA4DC82DD113FA00819362 /* TaskListView.swift in Sources */ = {isa = PBXBuildFile; fileRef = 06FA4DB42DD113FA00819362 /* TaskListView.swift */; };
/* End PBXBuildFile section */

/* Begin PBXContainerItemProxy section */
		06FA4D852DD10F2000819362 /* PBXContainerItemProxy */ = {
			isa = PBXContainerItemProxy;
			containerPortal = 06FA4D672DD10EFE00819362 /* Project object */;
			proxyType = 1;
			remoteGlobalIDString = 06FA4D6E2DD10EFE00819362;
			remoteInfo = TaskFlow;
		};
		06FA4D8F2DD10F2000819362 /* PBXContainerItemProxy */ = {
			isa = PBXContainerItemProxy;
			containerPortal = 06FA4D672DD10EFE00819362 /* Project object */;
			proxyType = 1;
			remoteGlobalIDString = 06FA4D6E2DD10EFE00819362;
			remoteInfo = TaskFlow;
		};
/* End PBXContainerItemProxy section */

/* Begin PBXFileReference section */
		06FA4D6F2DD10EFE00819362 /* TaskFlow.app */ = {isa = PBXFileReference; explicitFileType = wrapper.application; includeInIndex = 0; path = TaskFlow.app; sourceTree = BUILT_PRODUCTS_DIR; };
		06FA4D722DD10EFF00819362 /* TaskFlowApp.swift */ = {isa = PBXFileReference; lastKnownFileType = sourcecode.swift; path = TaskFlowApp.swift; sourceTree = "<group>"; };
		06FA4D762DD10F1F00819362 /* Assets.xcassets */ = {isa = PBXFileReference; lastKnownFileType = folder.assetcatalog; path = Assets.xcassets; sourceTree = "<group>"; };
		06FA4D792DD10F2000819362 /* Preview Assets.xcassets */ = {isa = PBXFileReference; lastKnownFileType = folder.assetcatalog; path = "Preview Assets.xcassets"; sourceTree = "<group>"; };
		06FA4D7B2DD10F2000819362 /* Persistence.swift */ = {isa = PBXFileReference; lastKnownFileType = sourcecode.swift; path = Persistence.swift; sourceTree = "<group>"; };
		06FA4D7E2DD10F2000819362 /* TaskFlow.xcdatamodel */ = {isa = PBXFileReference; lastKnownFileType = wrapper.xcdatamodel; path = TaskFlow.xcdatamodel; sourceTree = "<group>"; };
		06FA4D842DD10F2000819362 /* TaskFlowTests.xctest */ = {isa = PBXFileReference; explicitFileType = wrapper.cfbundle; includeInIndex = 0; path = TaskFlowTests.xctest; sourceTree = BUILT_PRODUCTS_DIR; };
		06FA4D882DD10F2000819362 /* TaskFlowTests.swift */ = {isa = PBXFileReference; lastKnownFileType = sourcecode.swift; path = TaskFlowTests.swift; sourceTree = "<group>"; };
		06FA4D8E2DD10F2000819362 /* TaskFlowUITests.xctest */ = {isa = PBXFileReference; explicitFileType = wrapper.cfbundle; includeInIndex = 0; path = TaskFlowUITests.xctest; sourceTree = BUILT_PRODUCTS_DIR; };
		06FA4D922DD10F2000819362 /* TaskFlowUITests.swift */ = {isa = PBXFileReference; lastKnownFileType = sourcecode.swift; path = TaskFlowUITests.swift; sourceTree = "<group>"; };
		06FA4D942DD10F2000819362 /* TaskFlowUITestsLaunchTests.swift */ = {isa = PBXFileReference; lastKnownFileType = sourcecode.swift; path = TaskFlowUITestsLaunchTests.swift; sourceTree = "<group>"; };
		06FA4DA12DD113F900819362 /* CalendarTaskView.swift */ = {isa = PBXFileReference; fileEncoding = 4; lastKnownFileType = sourcecode.swift; name = CalendarTaskView.swift; path = "../../To-Do App/To-Do App/CalendarTaskView.swift"; sourceTree = "<group>"; };
		06FA4DA22DD113F900819362 /* SettingsView.swift */ = {isa = PBXFileReference; fileEncoding = 4; lastKnownFileType = sourcecode.swift; name = SettingsView.swift; path = "../../To-Do App/To-Do App/SettingsView.swift"; sourceTree = "<group>"; };
		06FA4DA32DD113F900819362 /* AddCategoryView.swift */ = {isa = PBXFileReference; fileEncoding = 4; lastKnownFileType = sourcecode.swift; name = AddCategoryView.swift; path = "../../To-Do App/To-Do App/AddCategoryView.swift"; sourceTree = "<group>"; };
		06FA4DA42DD113F900819362 /* ShareSheet.swift */ = {isa = PBXFileReference; fileEncoding = 4; lastKnownFileType = sourcecode.swift; name = ShareSheet.swift; path = "../../To-Do App/To-Do App/ShareSheet.swift"; sourceTree = "<group>"; };
		06FA4DA52DD113F900819362 /* Models.swift */ = {isa = PBXFileReference; fileEncoding = 4; lastKnownFileType = sourcecode.swift; name = Models.swift; path = "../../To-Do App/To-Do App/Models.swift"; sourceTree = "<group>"; };
		06FA4DA62DD113F900819362 /* StatisticsView.swift */ = {isa = PBXFileReference; fileEncoding = 4; lastKnownFileType = sourcecode.swift; name = StatisticsView.swift; path = "../../To-Do App/To-Do App/StatisticsView.swift"; sourceTree = "<group>"; };
		06FA4DA72DD113F900819362 /* CreditsView.swift */ = {isa = PBXFileReference; fileEncoding = 4; lastKnownFileType = sourcecode.swift; name = CreditsView.swift; path = "../../To-Do App/To-Do App/CreditsView.swift"; sourceTree = "<group>"; };
		06FA4DA82DD113F900819362 /* ThemeManager.swift */ = {isa = PBXFileReference; fileEncoding = 4; lastKnownFileType = sourcecode.swift; name = ThemeManager.swift; path = "../../To-Do App/To-Do App/ThemeManager.swift"; sourceTree = "<group>"; };
		06FA4DA92DD113F900819362 /* CategoryCard.swift */ = {isa = PBXFileReference; fileEncoding = 4; lastKnownFileType = sourcecode.swift; name = CategoryCard.swift; path = "../../To-Do App/To-Do App/CategoryCard.swift"; sourceTree = "<group>"; };
		06FA4DAA2DD113F900819362 /* RollingQuoteView.swift */ = {isa = PBXFileReference; fileEncoding = 4; lastKnownFileType = sourcecode.swift; name = RollingQuoteView.swift; path = "../../To-Do App/To-Do App/RollingQuoteView.swift"; sourceTree = "<group>"; };
		06FA4DAC2DD113F900819362 /* ImportExportManager.swift */ = {isa = PBXFileReference; fileEncoding = 4; lastKnownFileType = sourcecode.swift; name = ImportExportManager.swift; path = "../../To-Do App/To-Do App/ImportExportManager.swift"; sourceTree = "<group>"; };
		06FA4DAD2DD113F900819362 /* SearchViews.swift */ = {isa = PBXFileReference; fileEncoding = 4; lastKnownFileType = sourcecode.swift; name = SearchViews.swift; path = "../../To-Do App/To-Do App/SearchViews.swift"; sourceTree = "<group>"; };
		06FA4DAE2DD113F900819362 /* SharedView.swift */ = {isa = PBXFileReference; fileEncoding = 4; lastKnownFileType = sourcecode.swift; name = SharedView.swift; path = "../../To-Do App/To-Do App/SharedView.swift"; sourceTree = "<group>"; };
		06FA4DAF2DD113F900819362 /* VoiceCommandManager.swift */ = {isa = PBXFileReference; fileEncoding = 4; lastKnownFileType = sourcecode.swift; name = VoiceCommandManager.swift; path = "../../To-Do App/To-Do App/VoiceCommandManager.swift"; sourceTree = "<group>"; };
		06FA4DB02DD113FA00819362 /* TutorialOverlay.swift */ = {isa = PBXFileReference; fileEncoding = 4; lastKnownFileType = sourcecode.swift; name = TutorialOverlay.swift; path = "../../To-Do App/To-Do App/TutorialOverlay.swift"; sourceTree = "<group>"; };
		06FA4DB12DD113FA00819362 /* ContentView.swift */ = {isa = PBXFileReference; fileEncoding = 4; lastKnownFileType = sourcecode.swift; name = ContentView.swift; path = "../../To-Do App/To-Do App/ContentView.swift"; sourceTree = "<group>"; };
		06FA4DB22DD113FA00819362 /* EditTaskView.swift */ = {isa = PBXFileReference; fileEncoding = 4; lastKnownFileType = sourcecode.swift; name = EditTaskView.swift; path = "../../To-Do App/To-Do App/EditTaskView.swift"; sourceTree = "<group>"; };
		06FA4DB32DD113FA00819362 /* AddTaskView.swift */ = {isa = PBXFileReference; fileEncoding = 4; lastKnownFileType = sourcecode.swift; name = AddTaskView.swift; path = "../../To-Do App/To-Do App/AddTaskView.swift"; sourceTree = "<group>"; };
		06FA4DB42DD113FA00819362 /* TaskListView.swift */ = {isa = PBXFileReference; fileEncoding = 4; lastKnownFileType = sourcecode.swift; name = TaskListView.swift; path = "../../To-Do App/To-Do App/TaskListView.swift"; sourceTree = "<group>"; };
		06FA4DC92DD1182900819362 /* Info.plist */ = {isa = PBXFileReference; lastKnownFileType = text.plist; path = Info.plist; sourceTree = "<group>"; };
/* End PBXFileReference section */

/* Begin PBXFrameworksBuildPhase section */
		06FA4D6C2DD10EFE00819362 /* Frameworks */ = {
			isa = PBXFrameworksBuildPhase;
			buildActionMask = 2147483647;
			files = (
			);
			runOnlyForDeploymentPostprocessing = 0;
		};
		06FA4D812DD10F2000819362 /* Frameworks */ = {
			isa = PBXFrameworksBuildPhase;
			buildActionMask = 2147483647;
			files = (
			);
			runOnlyForDeploymentPostprocessing = 0;
		};
		06FA4D8B2DD10F2000819362 /* Frameworks */ = {
			isa = PBXFrameworksBuildPhase;
			buildActionMask = 2147483647;
			files = (
			);
			runOnlyForDeploymentPostprocessing = 0;
		};
/* End PBXFrameworksBuildPhase section */

/* Begin PBXGroup section */
		06FA4D662DD10EFE00819362 = {
			isa = PBXGroup;
			children = (
				06FA4D712DD10EFE00819362 /* TaskFlow */,
				06FA4D872DD10F2000819362 /* TaskFlowTests */,
				06FA4D912DD10F2000819362 /* TaskFlowUITests */,
				06FA4D702DD10EFE00819362 /* Products */,
			);
			sourceTree = "<group>";
		};
		06FA4D702DD10EFE00819362 /* Products */ = {
			isa = PBXGroup;
			children = (
				06FA4D6F2DD10EFE00819362 /* TaskFlow.app */,
				06FA4D842DD10F2000819362 /* TaskFlowTests.xctest */,
				06FA4D8E2DD10F2000819362 /* TaskFlowUITests.xctest */,
			);
			name = Products;
			sourceTree = "<group>";
		};
		06FA4D712DD10EFE00819362 /* TaskFlow */ = {
			isa = PBXGroup;
			children = (
				06FA4DC92DD1182900819362 /* Info.plist */,
				06FA4DA32DD113F900819362 /* AddCategoryView.swift */,
				06FA4DB32DD113FA00819362 /* AddTaskView.swift */,
				06FA4DA12DD113F900819362 /* CalendarTaskView.swift */,
				06FA4DA92DD113F900819362 /* CategoryCard.swift */,
				06FA4DB12DD113FA00819362 /* ContentView.swift */,
				06FA4DA72DD113F900819362 /* CreditsView.swift */,
				06FA4DB22DD113FA00819362 /* EditTaskView.swift */,
				06FA4DAC2DD113F900819362 /* ImportExportManager.swift */,
				06FA4DA52DD113F900819362 /* Models.swift */,
				06FA4DAA2DD113F900819362 /* RollingQuoteView.swift */,
				06FA4DAD2DD113F900819362 /* SearchViews.swift */,
				06FA4DA22DD113F900819362 /* SettingsView.swift */,
				06FA4DAE2DD113F900819362 /* SharedView.swift */,
				06FA4DA42DD113F900819362 /* ShareSheet.swift */,
				06FA4DA62DD113F900819362 /* StatisticsView.swift */,
				06FA4DB42DD113FA00819362 /* TaskListView.swift */,
				06FA4DA82DD113F900819362 /* ThemeManager.swift */,
				06FA4DB02DD113FA00819362 /* TutorialOverlay.swift */,
				06FA4DAF2DD113F900819362 /* VoiceCommandManager.swift */,
				06FA4D722DD10EFF00819362 /* TaskFlowApp.swift */,
				06FA4D762DD10F1F00819362 /* Assets.xcassets */,
				06FA4D7B2DD10F2000819362 /* Persistence.swift */,
				06FA4D7D2DD10F2000819362 /* TaskFlow.xcdatamodeld */,
				06FA4D782DD10F2000819362 /* Preview Content */,
			);
			path = TaskFlow;
			sourceTree = "<group>";
		};
		06FA4D782DD10F2000819362 /* Preview Content */ = {
			isa = PBXGroup;
			children = (
				06FA4D792DD10F2000819362 /* Preview Assets.xcassets */,
			);
			path = "Preview Content";
			sourceTree = "<group>";
		};
		06FA4D872DD10F2000819362 /* TaskFlowTests */ = {
			isa = PBXGroup;
			children = (
				06FA4D882DD10F2000819362 /* TaskFlowTests.swift */,
			);
			path = TaskFlowTests;
			sourceTree = "<group>";
		};
		06FA4D912DD10F2000819362 /* TaskFlowUITests */ = {
			isa = PBXGroup;
			children = (
				06FA4D922DD10F2000819362 /* TaskFlowUITests.swift */,
				06FA4D942DD10F2000819362 /* TaskFlowUITestsLaunchTests.swift */,
			);
			path = TaskFlowUITests;
			sourceTree = "<group>";
		};
/* End PBXGroup section */

/* Begin PBXNativeTarget section */
		06FA4D6E2DD10EFE00819362 /* TaskFlow */ = {
			isa = PBXNativeTarget;
			buildConfigurationList = 06FA4D982DD10F2000819362 /* Build configuration list for PBXNativeTarget "TaskFlow" */;
			buildPhases = (
				06FA4D6B2DD10EFE00819362 /* Sources */,
				06FA4D6C2DD10EFE00819362 /* Frameworks */,
				06FA4D6D2DD10EFE00819362 /* Resources */,
			);
			buildRules = (
			);
			dependencies = (
			);
			name = TaskFlow;
			productName = TaskFlow;
			productReference = 06FA4D6F2DD10EFE00819362 /* TaskFlow.app */;
			productType = "com.apple.product-type.application";
		};
		06FA4D832DD10F2000819362 /* TaskFlowTests */ = {
			isa = PBXNativeTarget;
			buildConfigurationList = 06FA4D9B2DD10F2000819362 /* Build configuration list for PBXNativeTarget "TaskFlowTests" */;
			buildPhases = (
				06FA4D802DD10F2000819362 /* Sources */,
				06FA4D812DD10F2000819362 /* Frameworks */,
				06FA4D822DD10F2000819362 /* Resources */,
			);
			buildRules = (
			);
			dependencies = (
				06FA4D862DD10F2000819362 /* PBXTargetDependency */,
			);
			name = TaskFlowTests;
			productName = TaskFlowTests;
			productReference = 06FA4D842DD10F2000819362 /* TaskFlowTests.xctest */;
			productType = "com.apple.product-type.bundle.unit-test";
		};
		06FA4D8D2DD10F2000819362 /* TaskFlowUITests */ = {
			isa = PBXNativeTarget;
			buildConfigurationList = 06FA4D9E2DD10F2000819362 /* Build configuration list for PBXNativeTarget "TaskFlowUITests" */;
			buildPhases = (
				06FA4D8A2DD10F2000819362 /* Sources */,
				06FA4D8B2DD10F2000819362 /* Frameworks */,
				06FA4D8C2DD10F2000819362 /* Resources */,
			);
			buildRules = (
			);
			dependencies = (
				06FA4D902DD10F2000819362 /* PBXTargetDependency */,
			);
			name = TaskFlowUITests;
			productName = TaskFlowUITests;
			productReference = 06FA4D8E2DD10F2000819362 /* TaskFlowUITests.xctest */;
			productType = "com.apple.product-type.bundle.ui-testing";
		};
/* End PBXNativeTarget section */

/* Begin PBXProject section */
		06FA4D672DD10EFE00819362 /* Project object */ = {
			isa = PBXProject;
			attributes = {
				BuildIndependentTargetsInParallel = 1;
				LastSwiftUpdateCheck = 1540;
				LastUpgradeCheck = 1540;
				TargetAttributes = {
					06FA4D6E2DD10EFE00819362 = {
						CreatedOnToolsVersion = 15.4;
					};
					06FA4D832DD10F2000819362 = {
						CreatedOnToolsVersion = 15.4;
						TestTargetID = 06FA4D6E2DD10EFE00819362;
					};
					06FA4D8D2DD10F2000819362 = {
						CreatedOnToolsVersion = 15.4;
						TestTargetID = 06FA4D6E2DD10EFE00819362;
					};
				};
			};
			buildConfigurationList = 06FA4D6A2DD10EFE00819362 /* Build configuration list for PBXProject "TaskFlow" */;
			compatibilityVersion = "Xcode 14.0";
			developmentRegion = en;
			hasScannedForEncodings = 0;
			knownRegions = (
				en,
				Base,
			);
			mainGroup = 06FA4D662DD10EFE00819362;
			productRefGroup = 06FA4D702DD10EFE00819362 /* Products */;
			projectDirPath = "";
			projectRoot = "";
			targets = (
				06FA4D6E2DD10EFE00819362 /* TaskFlow */,
				06FA4D832DD10F2000819362 /* TaskFlowTests */,
				06FA4D8D2DD10F2000819362 /* TaskFlowUITests */,
			);
		};
/* End PBXProject section */

/* Begin PBXResourcesBuildPhase section */
		06FA4D6D2DD10EFE00819362 /* Resources */ = {
			isa = PBXResourcesBuildPhase;
			buildActionMask = 2147483647;
			files = (
				06FA4D7A2DD10F2000819362 /* Preview Assets.xcassets in Resources */,
				06FA4D772DD10F2000819362 /* Assets.xcassets in Resources */,
			);
			runOnlyForDeploymentPostprocessing = 0;
		};
		06FA4D822DD10F2000819362 /* Resources */ = {
			isa = PBXResourcesBuildPhase;
			buildActionMask = 2147483647;
			files = (
			);
			runOnlyForDeploymentPostprocessing = 0;
		};
		06FA4D8C2DD10F2000819362 /* Resources */ = {
			isa = PBXResourcesBuildPhase;
			buildActionMask = 2147483647;
			files = (
			);
			runOnlyForDeploymentPostprocessing = 0;
		};
/* End PBXResourcesBuildPhase section */

/* Begin PBXSourcesBuildPhase section */
		06FA4D6B2DD10EFE00819362 /* Sources */ = {
			isa = PBXSourcesBuildPhase;
			buildActionMask = 2147483647;
			files = (
				06FA4DB72DD113FA00819362 /* AddCategoryView.swift in Sources */,
				06FA4DC52DD113FA00819362 /* ContentView.swift in Sources */,
				06FA4DC42DD113FA00819362 /* TutorialOverlay.swift in Sources */,
				06FA4DC72DD113FA00819362 /* AddTaskView.swift in Sources */,
				06FA4DBB2DD113FA00819362 /* CreditsView.swift in Sources */,
				06FA4DC22DD113FA00819362 /* SharedView.swift in Sources */,
				06FA4DBA2DD113FA00819362 /* StatisticsView.swift in Sources */,
				06FA4DC62DD113FA00819362 /* EditTaskView.swift in Sources */,
				06FA4DB52DD113FA00819362 /* CalendarTaskView.swift in Sources */,
				06FA4D7F2DD10F2000819362 /* TaskFlow.xcdatamodeld in Sources */,
				06FA4D7C2DD10F2000819362 /* Persistence.swift in Sources */,
				06FA4DC12DD113FA00819362 /* SearchViews.swift in Sources */,
				06FA4DC32DD113FA00819362 /* VoiceCommandManager.swift in Sources */,
				06FA4DBD2DD113FA00819362 /* CategoryCard.swift in Sources */,
				06FA4DBE2DD113FA00819362 /* RollingQuoteView.swift in Sources */,
				06FA4DB62DD113FA00819362 /* SettingsView.swift in Sources */,
				06FA4DB92DD113FA00819362 /* Models.swift in Sources */,
				06FA4DC02DD113FA00819362 /* ImportExportManager.swift in Sources */,
				06FA4D732DD10EFF00819362 /* TaskFlowApp.swift in Sources */,
				06FA4DB82DD113FA00819362 /* ShareSheet.swift in Sources */,
				06FA4DBC2DD113FA00819362 /* ThemeManager.swift in Sources */,
				06FA4DC82DD113FA00819362 /* TaskListView.swift in Sources */,
			);
			runOnlyForDeploymentPostprocessing = 0;
		};
		06FA4D802DD10F2000819362 /* Sources */ = {
			isa = PBXSourcesBuildPhase;
			buildActionMask = 2147483647;
			files = (
				06FA4D892DD10F2000819362 /* TaskFlowTests.swift in Sources */,
			);
			runOnlyForDeploymentPostprocessing = 0;
		};
		06FA4D8A2DD10F2000819362 /* Sources */ = {
			isa = PBXSourcesBuildPhase;
			buildActionMask = 2147483647;
			files = (
				06FA4D952DD10F2000819362 /* TaskFlowUITestsLaunchTests.swift in Sources */,
				06FA4D932DD10F2000819362 /* TaskFlowUITests.swift in Sources */,
			);
			runOnlyForDeploymentPostprocessing = 0;
		};
/* End PBXSourcesBuildPhase section */

/* Begin PBXTargetDependency section */
		06FA4D862DD10F2000819362 /* PBXTargetDependency */ = {
			isa = PBXTargetDependency;
			target = 06FA4D6E2DD10EFE00819362 /* TaskFlow */;
			targetProxy = 06FA4D852DD10F2000819362 /* PBXContainerItemProxy */;
		};
		06FA4D902DD10F2000819362 /* PBXTargetDependency */ = {
			isa = PBXTargetDependency;
			target = 06FA4D6E2DD10EFE00819362 /* TaskFlow */;
			targetProxy = 06FA4D8F2DD10F2000819362 /* PBXContainerItemProxy */;
		};
/* End PBXTargetDependency section */

/* Begin XCBuildConfiguration section */
		06FA4D962DD10F2000819362 /* Debug */ = {
			isa = XCBuildConfiguration;
			buildSettings = {
				ALWAYS_SEARCH_USER_PATHS = NO;
				ASSETCATALOG_COMPILER_GENERATE_SWIFT_ASSET_SYMBOL_EXTENSIONS = YES;
				CLANG_ANALYZER_NONNULL = YES;
				CLANG_ANALYZER_NUMBER_OBJECT_CONVERSION = YES_AGGRESSIVE;
				CLANG_CXX_LANGUAGE_STANDARD = "gnu++20";
				CLANG_ENABLE_MODULES = YES;
				CLANG_ENABLE_OBJC_ARC = YES;
				CLANG_ENABLE_OBJC_WEAK = YES;
				CLANG_WARN_BLOCK_CAPTURE_AUTORELEASING = YES;
				CLANG_WARN_BOOL_CONVERSION = YES;
				CLANG_WARN_COMMA = YES;
				CLANG_WARN_CONSTANT_CONVERSION = YES;
				CLANG_WARN_DEPRECATED_OBJC_IMPLEMENTATIONS = YES;
				CLANG_WARN_DIRECT_OBJC_ISA_USAGE = YES_ERROR;
				CLANG_WARN_DOCUMENTATION_COMMENTS = YES;
				CLANG_WARN_EMPTY_BODY = YES;
				CLANG_WARN_ENUM_CONVERSION = YES;
				CLANG_WARN_INFINITE_RECURSION = YES;
				CLANG_WARN_INT_CONVERSION = YES;
				CLANG_WARN_NON_LITERAL_NULL_CONVERSION = YES;
				CLANG_WARN_OBJC_IMPLICIT_RETAIN_SELF = YES;
				CLANG_WARN_OBJC_LITERAL_CONVERSION = YES;
				CLANG_WARN_OBJC_ROOT_CLASS = YES_ERROR;
				CLANG_WARN_QUOTED_INCLUDE_IN_FRAMEWORK_HEADER = YES;
				CLANG_WARN_RANGE_LOOP_ANALYSIS = YES;
				CLANG_WARN_STRICT_PROTOTYPES = YES;
				CLANG_WARN_SUSPICIOUS_MOVE = YES;
				CLANG_WARN_UNGUARDED_AVAILABILITY = YES_AGGRESSIVE;
				CLANG_WARN_UNREACHABLE_CODE = YES;
				CLANG_WARN__DUPLICATE_METHOD_MATCH = YES;
				COPY_PHASE_STRIP = NO;
				DEBUG_INFORMATION_FORMAT = dwarf;
				ENABLE_STRICT_OBJC_MSGSEND = YES;
				ENABLE_TESTABILITY = YES;
				ENABLE_USER_SCRIPT_SANDBOXING = YES;
				GCC_C_LANGUAGE_STANDARD = gnu17;
				GCC_DYNAMIC_NO_PIC = NO;
				GCC_NO_COMMON_BLOCKS = YES;
				GCC_OPTIMIZATION_LEVEL = 0;
				GCC_PREPROCESSOR_DEFINITIONS = (
					"DEBUG=1",
					"$(inherited)",
				);
				GCC_WARN_64_TO_32_BIT_CONVERSION = YES;
				GCC_WARN_ABOUT_RETURN_TYPE = YES_ERROR;
				GCC_WARN_UNDECLARED_SELECTOR = YES;
				GCC_WARN_UNINITIALIZED_AUTOS = YES_AGGRESSIVE;
				GCC_WARN_UNUSED_FUNCTION = YES;
				GCC_WARN_UNUSED_VARIABLE = YES;
				IPHONEOS_DEPLOYMENT_TARGET = 16.2;
				LOCALIZATION_PREFERS_STRING_CATALOGS = YES;
				MTL_ENABLE_DEBUG_INFO = INCLUDE_SOURCE;
				MTL_FAST_MATH = YES;
				ONLY_ACTIVE_ARCH = YES;
				SDKROOT = iphoneos;
				SWIFT_ACTIVE_COMPILATION_CONDITIONS = "DEBUG $(inherited)";
				SWIFT_OPTIMIZATION_LEVEL = "-Onone";
			};
			name = Debug;
		};
		06FA4D972DD10F2000819362 /* Release */ = {
			isa = XCBuildConfiguration;
			buildSettings = {
				ALWAYS_SEARCH_USER_PATHS = NO;
				ASSETCATALOG_COMPILER_GENERATE_SWIFT_ASSET_SYMBOL_EXTENSIONS = YES;
				CLANG_ANALYZER_NONNULL = YES;
				CLANG_ANALYZER_NUMBER_OBJECT_CONVERSION = YES_AGGRESSIVE;
				CLANG_CXX_LANGUAGE_STANDARD = "gnu++20";
				CLANG_ENABLE_MODULES = YES;
				CLANG_ENABLE_OBJC_ARC = YES;
				CLANG_ENABLE_OBJC_WEAK = YES;
				CLANG_WARN_BLOCK_CAPTURE_AUTORELEASING = YES;
				CLANG_WARN_BOOL_CONVERSION = YES;
				CLANG_WARN_COMMA = YES;
				CLANG_WARN_CONSTANT_CONVERSION = YES;
				CLANG_WARN_DEPRECATED_OBJC_IMPLEMENTATIONS = YES;
				CLANG_WARN_DIRECT_OBJC_ISA_USAGE = YES_ERROR;
				CLANG_WARN_DOCUMENTATION_COMMENTS = YES;
				CLANG_WARN_EMPTY_BODY = YES;
				CLANG_WARN_ENUM_CONVERSION = YES;
				CLANG_WARN_INFINITE_RECURSION = YES;
				CLANG_WARN_INT_CONVERSION = YES;
				CLANG_WARN_NON_LITERAL_NULL_CONVERSION = YES;
				CLANG_WARN_OBJC_IMPLICIT_RETAIN_SELF = YES;
				CLANG_WARN_OBJC_LITERAL_CONVERSION = YES;
				CLANG_WARN_OBJC_ROOT_CLASS = YES_ERROR;
				CLANG_WARN_QUOTED_INCLUDE_IN_FRAMEWORK_HEADER = YES;
				CLANG_WARN_RANGE_LOOP_ANALYSIS = YES;
				CLANG_WARN_STRICT_PROTOTYPES = YES;
				CLANG_WARN_SUSPICIOUS_MOVE = YES;
				CLANG_WARN_UNGUARDED_AVAILABILITY = YES_AGGRESSIVE;
				CLANG_WARN_UNREACHABLE_CODE = YES;
				CLANG_WARN__DUPLICATE_METHOD_MATCH = YES;
				COPY_PHASE_STRIP = NO;
				DEBUG_INFORMATION_FORMAT = "dwarf-with-dsym";
				ENABLE_NS_ASSERTIONS = NO;
				ENABLE_STRICT_OBJC_MSGSEND = YES;
				ENABLE_USER_SCRIPT_SANDBOXING = YES;
				GCC_C_LANGUAGE_STANDARD = gnu17;
				GCC_NO_COMMON_BLOCKS = YES;
				GCC_WARN_64_TO_32_BIT_CONVERSION = YES;
				GCC_WARN_ABOUT_RETURN_TYPE = YES_ERROR;
				GCC_WARN_UNDECLARED_SELECTOR = YES;
				GCC_WARN_UNINITIALIZED_AUTOS = YES_AGGRESSIVE;
				GCC_WARN_UNUSED_FUNCTION = YES;
				GCC_WARN_UNUSED_VARIABLE = YES;
				IPHONEOS_DEPLOYMENT_TARGET = 16.2;
				LOCALIZATION_PREFERS_STRING_CATALOGS = YES;
				MTL_ENABLE_DEBUG_INFO = NO;
				MTL_FAST_MATH = YES;
				SDKROOT = iphoneos;
				SWIFT_COMPILATION_MODE = wholemodule;
				VALIDATE_PRODUCT = YES;
			};
			name = Release;
		};
		06FA4D992DD10F2000819362 /* Debug */ = {
			isa = XCBuildConfiguration;
			buildSettings = {
				ASSETCATALOG_COMPILER_APPICON_NAME = AppIcon;
				ASSETCATALOG_COMPILER_GLOBAL_ACCENT_COLOR_NAME = AccentColor;
				CODE_SIGN_STYLE = Automatic;
				CURRENT_PROJECT_VERSION = 1;
				DEVELOPMENT_ASSET_PATHS = "\"TaskFlow/Preview Content\"";
				DEVELOPMENT_TEAM = TBZBQ8Z3N9;
				ENABLE_PREVIEWS = YES;
				GENERATE_INFOPLIST_FILE = YES;
				INFOPLIST_FILE = TaskFlow/Info.plist;
				INFOPLIST_KEY_NSMicrophoneUsageDescription = "${PRODUCT_NAME} Needs permission to use microphone for voice commands.";
				INFOPLIST_KEY_UIApplicationSceneManifest_Generation = YES;
				INFOPLIST_KEY_UIApplicationSupportsIndirectInputEvents = YES;
				INFOPLIST_KEY_UILaunchScreen_Generation = YES;
				INFOPLIST_KEY_UISupportedInterfaceOrientations_iPad = "UIInterfaceOrientationPortrait UIInterfaceOrientationPortraitUpsideDown UIInterfaceOrientationLandscapeLeft UIInterfaceOrientationLandscapeRight";
				INFOPLIST_KEY_UISupportedInterfaceOrientations_iPhone = "UIInterfaceOrientationPortrait UIInterfaceOrientationLandscapeLeft UIInterfaceOrientationLandscapeRight";
				LD_RUNPATH_SEARCH_PATHS = (
					"$(inherited)",
					"@executable_path/Frameworks",
				);
				MARKETING_VERSION = 1.0;
				PRODUCT_BUNDLE_IDENTIFIER = shemacharmant.TaskFlow;
				PRODUCT_NAME = "$(TARGET_NAME)";
				SWIFT_EMIT_LOC_STRINGS = YES;
				SWIFT_VERSION = 5.0;
				TARGETED_DEVICE_FAMILY = "1,2";
			};
			name = Debug;
		};
		06FA4D9A2DD10F2000819362 /* Release */ = {
			isa = XCBuildConfiguration;
			buildSettings = {
				ASSETCATALOG_COMPILER_APPICON_NAME = AppIcon;
				ASSETCATALOG_COMPILER_GLOBAL_ACCENT_COLOR_NAME = AccentColor;
				CODE_SIGN_STYLE = Automatic;
				CURRENT_PROJECT_VERSION = 1;
				DEVELOPMENT_ASSET_PATHS = "\"TaskFlow/Preview Content\"";
				DEVELOPMENT_TEAM = TBZBQ8Z3N9;
				ENABLE_PREVIEWS = YES;
				GENERATE_INFOPLIST_FILE = YES;
				INFOPLIST_FILE = TaskFlow/Info.plist;
				INFOPLIST_KEY_NSMicrophoneUsageDescription = "${PRODUCT_NAME} Needs permission to use microphone for voice commands.";
				INFOPLIST_KEY_UIApplicationSceneManifest_Generation = YES;
				INFOPLIST_KEY_UIApplicationSupportsIndirectInputEvents = YES;
				INFOPLIST_KEY_UILaunchScreen_Generation = YES;
				INFOPLIST_KEY_UISupportedInterfaceOrientations_iPad = "UIInterfaceOrientationPortrait UIInterfaceOrientationPortraitUpsideDown UIInterfaceOrientationLandscapeLeft UIInterfaceOrientationLandscapeRight";
				INFOPLIST_KEY_UISupportedInterfaceOrientations_iPhone = "UIInterfaceOrientationPortrait UIInterfaceOrientationLandscapeLeft UIInterfaceOrientationLandscapeRight";
				LD_RUNPATH_SEARCH_PATHS = (
					"$(inherited)",
					"@executable_path/Frameworks",
				);
				MARKETING_VERSION = 1.0;
				PRODUCT_BUNDLE_IDENTIFIER = shemacharmant.TaskFlow;
				PRODUCT_NAME = "$(TARGET_NAME)";
				SWIFT_EMIT_LOC_STRINGS = YES;
				SWIFT_VERSION = 5.0;
				TARGETED_DEVICE_FAMILY = "1,2";
			};
			name = Release;
		};
		06FA4D9C2DD10F2000819362 /* Debug */ = {
			isa = XCBuildConfiguration;
			buildSettings = {
				ALWAYS_EMBED_SWIFT_STANDARD_LIBRARIES = YES;
				BUNDLE_LOADER = "$(TEST_HOST)";
				CODE_SIGN_STYLE = Automatic;
				CURRENT_PROJECT_VERSION = 1;
				DEVELOPMENT_TEAM = TBZBQ8Z3N9;
				GENERATE_INFOPLIST_FILE = YES;
				IPHONEOS_DEPLOYMENT_TARGET = 17.5;
				MARKETING_VERSION = 1.0;
				PRODUCT_BUNDLE_IDENTIFIER = shemacharmant.TaskFlowTests;
				PRODUCT_NAME = "$(TARGET_NAME)";
				SWIFT_EMIT_LOC_STRINGS = NO;
				SWIFT_VERSION = 5.0;
				TARGETED_DEVICE_FAMILY = "1,2";
				TEST_HOST = "$(BUILT_PRODUCTS_DIR)/TaskFlow.app/$(BUNDLE_EXECUTABLE_FOLDER_PATH)/TaskFlow";
			};
			name = Debug;
		};
		06FA4D9D2DD10F2000819362 /* Release */ = {
			isa = XCBuildConfiguration;
			buildSettings = {
				ALWAYS_EMBED_SWIFT_STANDARD_LIBRARIES = YES;
				BUNDLE_LOADER = "$(TEST_HOST)";
				CODE_SIGN_STYLE = Automatic;
				CURRENT_PROJECT_VERSION = 1;
				DEVELOPMENT_TEAM = TBZBQ8Z3N9;
				GENERATE_INFOPLIST_FILE = YES;
				IPHONEOS_DEPLOYMENT_TARGET = 17.5;
				MARKETING_VERSION = 1.0;
				PRODUCT_BUNDLE_IDENTIFIER = shemacharmant.TaskFlowTests;
				PRODUCT_NAME = "$(TARGET_NAME)";
				SWIFT_EMIT_LOC_STRINGS = NO;
				SWIFT_VERSION = 5.0;
				TARGETED_DEVICE_FAMILY = "1,2";
				TEST_HOST = "$(BUILT_PRODUCTS_DIR)/TaskFlow.app/$(BUNDLE_EXECUTABLE_FOLDER_PATH)/TaskFlow";
			};
			name = Release;
		};
		06FA4D9F2DD10F2000819362 /* Debug */ = {
			isa = XCBuildConfiguration;
			buildSettings = {
				ALWAYS_EMBED_SWIFT_STANDARD_LIBRARIES = YES;
				CODE_SIGN_STYLE = Automatic;
				CURRENT_PROJECT_VERSION = 1;
				DEVELOPMENT_TEAM = TBZBQ8Z3N9;
				GENERATE_INFOPLIST_FILE = YES;
				MARKETING_VERSION = 1.0;
				PRODUCT_BUNDLE_IDENTIFIER = shemacharmant.TaskFlowUITests;
				PRODUCT_NAME = "$(TARGET_NAME)";
				SWIFT_EMIT_LOC_STRINGS = NO;
				SWIFT_VERSION = 5.0;
				TARGETED_DEVICE_FAMILY = "1,2";
				TEST_TARGET_NAME = TaskFlow;
			};
			name = Debug;
		};
		06FA4DA02DD10F2000819362 /* Release */ = {
			isa = XCBuildConfiguration;
			buildSettings = {
				ALWAYS_EMBED_SWIFT_STANDARD_LIBRARIES = YES;
				CODE_SIGN_STYLE = Automatic;
				CURRENT_PROJECT_VERSION = 1;
				DEVELOPMENT_TEAM = TBZBQ8Z3N9;
				GENERATE_INFOPLIST_FILE = YES;
				MARKETING_VERSION = 1.0;
				PRODUCT_BUNDLE_IDENTIFIER = shemacharmant.TaskFlowUITests;
				PRODUCT_NAME = "$(TARGET_NAME)";
				SWIFT_EMIT_LOC_STRINGS = NO;
				SWIFT_VERSION = 5.0;
				TARGETED_DEVICE_FAMILY = "1,2";
				TEST_TARGET_NAME = TaskFlow;
			};
			name = Release;
		};
/* End XCBuildConfiguration section */

/* Begin XCConfigurationList section */
		06FA4D6A2DD10EFE00819362 /* Build configuration list for PBXProject "TaskFlow" */ = {
			isa = XCConfigurationList;
			buildConfigurations = (
				06FA4D962DD10F2000819362 /* Debug */,
				06FA4D972DD10F2000819362 /* Release */,
			);
			defaultConfigurationIsVisible = 0;
			defaultConfigurationName = Release;
		};
		06FA4D982DD10F2000819362 /* Build configuration list for PBXNativeTarget "TaskFlow" */ = {
			isa = XCConfigurationList;
			buildConfigurations = (
				06FA4D992DD10F2000819362 /* Debug */,
				06FA4D9A2DD10F2000819362 /* Release */,
			);
			defaultConfigurationIsVisible = 0;
			defaultConfigurationName = Release;
		};
		06FA4D9B2DD10F2000819362 /* Build configuration list for PBXNativeTarget "TaskFlowTests" */ = {
			isa = XCConfigurationList;
			buildConfigurations = (
				06FA4D9C2DD10F2000819362 /* Debug */,
				06FA4D9D2DD10F2000819362 /* Release */,
			);
			defaultConfigurationIsVisible = 0;
			defaultConfigurationName = Release;
		};
		06FA4D9E2DD10F2000819362 /* Build configuration list for PBXNativeTarget "TaskFlowUITests" */ = {
			isa = XCConfigurationList;
			buildConfigurations = (
				06FA4D9F2DD10F2000819362 /* Debug */,
				06FA4DA02DD10F2000819362 /* Release */,
			);
			defaultConfigurationIsVisible = 0;
			defaultConfigurationName = Release;
		};
/* End XCConfigurationList section */

/* Begin XCVersionGroup section */
		06FA4D7D2DD10F2000819362 /* TaskFlow.xcdatamodeld */ = {
			isa = XCVersionGroup;
			children = (
				06FA4D7E2DD10F2000819362 /* TaskFlow.xcdatamodel */,
			);
			currentVersion = 06FA4D7E2DD10F2000819362 /* TaskFlow.xcdatamodel */;
			path = TaskFlow.xcdatamodeld;
			sourceTree = "<group>";
			versionGroupType = wrapper.xcdatamodel;
		};
/* End XCVersionGroup section */
	};
	rootObject = 06FA4D672DD10EFE00819362 /* Project object */;
}
